# This file was autogenerated by Stack.
# You should not edit this file by hand.
# For more information, please see the documentation at:
#   https://docs.haskellstack.org/en/stable/lock_files

packages:
- completed:
    name: hashids-st
    version: 0.1.0.0
    git: https://github.com/belevy/hashids-st.git
    pantry-tree:
      size: 569
      sha256: 1370ec1f2676750b004f23c79b64c18ae95089213f19979adb82ab8c5235f1d7
    commit: be5d44fdd26187ddbeb285b9ab81d4a4b63ebafa
  original:
    git: https://github.com/belevy/hashids-st.git
    commit: be5d44fdd26187ddbeb285b9ab81d4a4b63ebafa
- completed:
    name: obfuscate
    version: 0.1.0.0
    git: https://github.com/foxhound-systems/hs-obfuscate.git
    pantry-tree:
      size: 859
      sha256: 8324e42a650e718e7877a491a79da782df1819db0376790da7b11af13b7e2522
    commit: 576e31d5b27dcf87f4deacc5dda22f762f08c8e7
  original:
    git: https://github.com/foxhound-systems/hs-obfuscate.git
    commit: 576e31d5b27dcf87f4deacc5dda22f762f08c8e7
- completed:
    hackage: esqueleto-3.5.2.1@sha256:2898c6514b69faaf863abee8b74d16c9b5820092dae920345601d555044676be,4858
    pantry-tree:
      size: 2355
      sha256: 5736a816957e743a77a58fd0d7ca285f307fd9a95830077438f986be8d216442
  original:
    hackage: esqueleto-3.5.2.1
- completed:
    hackage: persistent-postgresql-2.13.0.3@sha256:43384bf8ed9c931c673e6abb763c8811113d1b7004095faaae1eb42e2cd52d8f,3601
    pantry-tree:
      size: 1059
      sha256: 2d647a17372e42bc54331cfb35f5a55a71e6854dac8299b7ed6a1c69ae12734d
  original:
    hackage: persistent-postgresql-2.13.0.3
- completed:
    hackage: persistent-2.13.1.1@sha256:c8044134d3001b7a06703c821fece7d071e195979ad0eb02805ffaf099e28a2d,6521
    pantry-tree:
      size: 5695
      sha256: 79514f441de0a2361242cdc05d313b3e7876d466b8c735192799a676ec7674f0
  original:
    hackage: persistent-2.13.1.1
- completed:
    hackage: lift-type-0.1.0.1@sha256:6e38e49bf086fd2203346417d96ad2e6c300d8d8f41d222780abdccc7a4e451b,1106
    pantry-tree:
      size: 361
      sha256: 9de4bdc6ce32b78c28b4bce75b5b2e488bf0f875a136ae269a02df804eb94a1a
  original:
    hackage: lift-type-0.1.0.1
- completed:
    hackage: eved-0.0.3.0@sha256:a66b73d4c8dc01e1efdeb349047f0e5e3a9f7643b621a3b86a2a8cf3664b0ffb,1632
    pantry-tree:
      size: 833
      sha256: 623a53b1cdf20c457dca2883b57002f0a9d1198937d69ee60e42c622dadb782f
  original:
    hackage: eved-0.0.3.0
snapshots:
- completed:
    size: 565720
    url: https://raw.githubusercontent.com/commercialhaskell/stackage-snapshots/master/lts/17/8.yaml
    sha256: 76bf8992ff8dfe6eda9c02f81866138c2369344d5011ab39ae403457c4448b03
  original: lts-17.8
