# This file was autogenerated by Stack.
# You should not edit this file by hand.
# For more information, please see the documentation at:
#   https://docs.haskellstack.org/en/stable/lock_files

packages:
- completed:
    name: hashids-st
    version: 0.1.0.0
    git: https://github.com/belevy/hashids-st.git
    pantry-tree:
      size: 569
      sha256: 1370ec1f2676750b004f23c79b64c18ae95089213f19979adb82ab8c5235f1d7
    commit: be5d44fdd26187ddbeb285b9ab81d4a4b63ebafa
  original:
    git: https://github.com/belevy/hashids-st.git
    commit: be5d44fdd26187ddbeb285b9ab81d4a4b63ebafa
- completed:
    name: obfuscate
    version: 0.1.0.0
    git: https://github.com/foxhound-systems/hs-obfuscate.git
    pantry-tree:
      size: 859
      sha256: b1a7a555c8611c630bd120a9e2e26f625c0eff2529497b0bb84a18f1e290decf
    commit: 5622899514fde50131e674132e3e769bea17b315
  original:
    git: https://github.com/foxhound-systems/hs-obfuscate.git
    commit: 5622899514fde50131e674132e3e769bea17b315
- completed:
    hackage: esqueleto-3.4.0.1@sha256:85077c6b11e06e0ac4a5cb07fb6b71448dcd2dc1e9831ea8115cb9090c342500,5869
    pantry-tree:
      size: 1542
      sha256: 2cd6bd749fa1c1f9aa9730010a9bd516f4f4edaf9e9c1b3d39b1ad4e163b7ca7
  original:
    hackage: esqueleto-3.4.0.1
snapshots:
- completed:
    size: 533252
    url: https://raw.githubusercontent.com/commercialhaskell/stackage-snapshots/master/lts/16/26.yaml
    sha256: cdbc5db9c1afe80a5998247939027a0c7db92fa0f20b5cd01596ec3da628b622
  original: lts-16.26
